
Microsoft Visual Studio Solution File, Format Version 12.00
# Visual Studio Version 16
VisualStudioVersion = 16.0.31424.327
MinimumVisualStudioVersion = 10.0.40219.1
Project("{FAE04EC0-301F-11D3-BF4B-00C04F79EFBC}") = "DiceRoller", "DiceRoller.csproj", "{5E85DE82-9BC1-4897-8477-F55A0DB24A27}"
EndProject
Global
	GlobalSection(SolutionConfigurationPlatforms) = preSolution
		Debug|Any CPU = Debug|Any CPU
		Release|Any CPU = Release|Any CPU
	EndGlobalSection
	GlobalSection(ProjectConfigurationPlatforms) = postSolution
		{5E85DE82-9BC1-4897-8477-F55A0DB24A27}.Debug|Any CPU.ActiveCfg = Debug|Any CPU
		{5E85DE82-9BC1-4897-8477-F55A0DB24A27}.Debug|Any CPU.Build.0 = Debug|Any CPU
		{5E85DE82-9BC1-4897-8477-F55A0DB24A27}.Release|Any CPU.ActiveCfg = Release|Any CPU
		{5E85DE82-9BC1-4897-8477-F55A0DB24A27}.Release|Any CPU.Build.0 = Release|Any CPU
	EndGlobalSection
	GlobalSection(SolutionProperties) = preSolution
		HideSolutionNode = FALSE
	EndGlobalSection
	GlobalSection(ExtensibilityGlobals) = postSolution
		SolutionGuid = {902433A3-79D3-4E8C-9B62-B0A5701CD4C7}
	EndGlobalSection
EndGlobal
